// !$*UTF8*$!
{
	archiveVersion = 1;
	classes = {
	};
	objectVersion = 56;
	objects = {

/* Begin PBXBuildFile section */
		031F0B0E2C0EA90E002AFB78 /* CurrencyNetworkService.swift in Sources */ = {isa = PBXBuildFile; fileRef = 031F0B0D2C0EA90E002AFB78 /* CurrencyNetworkService.swift */; };
		0325E52B2C0914EC0043463A /* MyBankApp.swift in Sources */ = {isa = PBXBuildFile; fileRef = 0325E52A2C0914EC0043463A /* MyBankApp.swift */; };
		0325E52D2C0914EC0043463A /* MainView.swift in Sources */ = {isa = PBXBuildFile; fileRef = 0325E52C2C0914EC0043463A /* MainView.swift */; };
		0325E52F2C0914ED0043463A /* Assets.xcassets in Resources */ = {isa = PBXBuildFile; fileRef = 0325E52E2C0914ED0043463A /* Assets.xcassets */; };
		0325E5322C0914ED0043463A /* Preview Assets.xcassets in Resources */ = {isa = PBXBuildFile; fileRef = 0325E5312C0914ED0043463A /* Preview Assets.xcassets */; };
		0325E53C2C0914ED0043463A /* CurrencyConverterTests.swift in Sources */ = {isa = PBXBuildFile; fileRef = 0325E53B2C0914ED0043463A /* CurrencyConverterTests.swift */; };
		0325E5462C0914ED0043463A /* MyBankUITests.swift in Sources */ = {isa = PBXBuildFile; fileRef = 0325E5452C0914ED0043463A /* MyBankUITests.swift */; };
		033195E12C0A08740064799B /* MyFoundation.framework in Frameworks */ = {isa = PBXBuildFile; fileRef = 033195E02C0A08740064799B /* MyFoundation.framework */; };
		033195E22C0A08740064799B /* MyFoundation.framework in Embed Frameworks */ = {isa = PBXBuildFile; fileRef = 033195E02C0A08740064799B /* MyFoundation.framework */; settings = {ATTRIBUTES = (CodeSignOnCopy, RemoveHeadersOnCopy, ); }; };
		033886682C09220900F1B526 /* TransferView.swift in Sources */ = {isa = PBXBuildFile; fileRef = 033886672C0916F000F1B526 /* TransferView.swift */; };
		0338866B2C092B2A00F1B526 /* UserBankAccountTransferView.swift in Sources */ = {isa = PBXBuildFile; fileRef = 0338866A2C092B2A00F1B526 /* UserBankAccountTransferView.swift */; };
		0338866D2C095A3B00F1B526 /* UserBankAccountTransferViewModel.swift in Sources */ = {isa = PBXBuildFile; fileRef = 0338866C2C095A3B00F1B526 /* UserBankAccountTransferViewModel.swift */; };
		033886732C09806B00F1B526 /* TransferSectionView.swift in Sources */ = {isa = PBXBuildFile; fileRef = 033886722C09806B00F1B526 /* TransferSectionView.swift */; };
		033886772C09827700F1B526 /* PrimaryButtonView.swift in Sources */ = {isa = PBXBuildFile; fileRef = 033886762C09827700F1B526 /* PrimaryButtonView.swift */; };
		0338867C2C0984DA00F1B526 /* BankAccount.swift in Sources */ = {isa = PBXBuildFile; fileRef = 0338867B2C0984DA00F1B526 /* BankAccount.swift */; };
		033CFB422C0A44BC008C4B66 /* TransferSectionHeaderView.swift in Sources */ = {isa = PBXBuildFile; fileRef = 033CFB412C0A44BC008C4B66 /* TransferSectionHeaderView.swift */; };
		0365E0B12C0D10CF00E071F7 /* AppTheme.swift in Sources */ = {isa = PBXBuildFile; fileRef = 0365E0B02C0D10CF00E071F7 /* AppTheme.swift */; };
		0365E0B32C0D118F00E071F7 /* AppConstants.swift in Sources */ = {isa = PBXBuildFile; fileRef = 0365E0B22C0D118F00E071F7 /* AppConstants.swift */; };
		0365E0B52C0D335400E071F7 /* UserBankAccountTransferViewModelTests.swift in Sources */ = {isa = PBXBuildFile; fileRef = 0365E0B42C0D335400E071F7 /* UserBankAccountTransferViewModelTests.swift */; };
		038E5A532C0D54C9005C26AA /* AlertMessage+Extension.swift in Sources */ = {isa = PBXBuildFile; fileRef = 038E5A522C0D54C9005C26AA /* AlertMessage+Extension.swift */; };
		03B2409E2C0EAAD2009492C5 /* Resolver in Frameworks */ = {isa = PBXBuildFile; productRef = 03B2409D2C0EAAD2009492C5 /* Resolver */; };
		03B240A12C0EAB6D009492C5 /* CurrencyMapper.swift in Sources */ = {isa = PBXBuildFile; fileRef = 03B240A02C0EAB6D009492C5 /* CurrencyMapper.swift */; };
		03B240A42C0EAB8F009492C5 /* CurrencyDto.swift in Sources */ = {isa = PBXBuildFile; fileRef = 03B240A32C0EAB8F009492C5 /* CurrencyDto.swift */; };
		03B240A72C0EAE41009492C5 /* Alamofire in Frameworks */ = {isa = PBXBuildFile; productRef = 03B240A62C0EAE41009492C5 /* Alamofire */; };
		03B240A92C0EAE83009492C5 /* Endpoints.swift in Sources */ = {isa = PBXBuildFile; fileRef = 03B240A82C0EAE83009492C5 /* Endpoints.swift */; };
		03B240AB2C0EAECB009492C5 /* NetworkService.swift in Sources */ = {isa = PBXBuildFile; fileRef = 03B240AA2C0EAECB009492C5 /* NetworkService.swift */; };
		03B240AE2C0EB323009492C5 /* ResolverLoader.swift in Sources */ = {isa = PBXBuildFile; fileRef = 03B240AD2C0EB323009492C5 /* ResolverLoader.swift */; };
		03BE81FC2C0BC23000AD253E /* SwapButtonView.swift in Sources */ = {isa = PBXBuildFile; fileRef = 03BE81FB2C0BC23000AD253E /* SwapButtonView.swift */; };
		03BE81FE2C0C2C4500AD253E /* CurrencyConverter.swift in Sources */ = {isa = PBXBuildFile; fileRef = 03BE81FD2C0C2C4500AD253E /* CurrencyConverter.swift */; };
		03BE82012C0C310B00AD253E /* LoginView.swift in Sources */ = {isa = PBXBuildFile; fileRef = 03BE82002C0C310B00AD253E /* LoginView.swift */; };
		03BE82032C0C321300AD253E /* LoginViewModel.swift in Sources */ = {isa = PBXBuildFile; fileRef = 03BE82022C0C321300AD253E /* LoginViewModel.swift */; };
		03BE82052C0C336000AD253E /* ExchangeRate.swift in Sources */ = {isa = PBXBuildFile; fileRef = 03BE82042C0C336000AD253E /* ExchangeRate.swift */; };
		03D199E72C7D05CB005EAB22 /* AccountsNetworkService.swift in Sources */ = {isa = PBXBuildFile; fileRef = 03D199E62C7D05CB005EAB22 /* AccountsNetworkService.swift */; };
		03D199E92C7D0622005EAB22 /* BankAccountDto.swift in Sources */ = {isa = PBXBuildFile; fileRef = 03D199E82C7D0622005EAB22 /* BankAccountDto.swift */; };
		03D199EB2C7D0635005EAB22 /* Currency.swift in Sources */ = {isa = PBXBuildFile; fileRef = 03D199EA2C7D0634005EAB22 /* Currency.swift */; };
		03D199ED2C7D06BE005EAB22 /* BankAccountMapper.swift in Sources */ = {isa = PBXBuildFile; fileRef = 03D199EC2C7D06BE005EAB22 /* BankAccountMapper.swift */; };
		03D199F02C7D0E09005EAB22 /* NetworkServices.swift in Sources */ = {isa = PBXBuildFile; fileRef = 03D199EF2C7D0E09005EAB22 /* NetworkServices.swift */; };
		03DDE2442C91D2EF00FE7721 /* UserBankAccountsView.swift in Sources */ = {isa = PBXBuildFile; fileRef = 03DDE2432C91D2EF00FE7721 /* UserBankAccountsView.swift */; };
		03DDE2462C91D34900FE7721 /* UserBankAccountsViewModel.swift in Sources */ = {isa = PBXBuildFile; fileRef = 03DDE2452C91D34900FE7721 /* UserBankAccountsViewModel.swift */; };
		03DDE2482C91D95300FE7721 /* SingleAccountRow.swift in Sources */ = {isa = PBXBuildFile; fileRef = 03DDE2472C91D95300FE7721 /* SingleAccountRow.swift */; };
		03DDE24A2C9255CB00FE7721 /* UserBankAccountsViewModelTests.swift in Sources */ = {isa = PBXBuildFile; fileRef = 03DDE2492C9255CB00FE7721 /* UserBankAccountsViewModelTests.swift */; };
		03DDE24F2C92622900FE7721 /* MockMyTimerCreator.swift in Sources */ = {isa = PBXBuildFile; fileRef = 03DDE24E2C92622900FE7721 /* MockMyTimerCreator.swift */; };
/* End PBXBuildFile section */

/* Begin PBXContainerItemProxy section */
		0325E5382C0914ED0043463A /* PBXContainerItemProxy */ = {
			isa = PBXContainerItemProxy;
			containerPortal = 0325E51F2C0914EC0043463A /* Project object */;
			proxyType = 1;
			remoteGlobalIDString = 0325E5262C0914EC0043463A;
			remoteInfo = MyBank;
		};
		0325E5422C0914ED0043463A /* PBXContainerItemProxy */ = {
			isa = PBXContainerItemProxy;
			containerPortal = 0325E51F2C0914EC0043463A /* Project object */;
			proxyType = 1;
			remoteGlobalIDString = 0325E5262C0914EC0043463A;
			remoteInfo = MyBank;
		};
/* End PBXContainerItemProxy section */

/* Begin PBXCopyFilesBuildPhase section */
		033195E32C0A08740064799B /* Embed Frameworks */ = {
			isa = PBXCopyFilesBuildPhase;
			buildActionMask = 2147483647;
			dstPath = "";
			dstSubfolderSpec = 10;
			files = (
				033195E22C0A08740064799B /* MyFoundation.framework in Embed Frameworks */,
			);
			name = "Embed Frameworks";
			runOnlyForDeploymentPostprocessing = 0;
		};
/* End PBXCopyFilesBuildPhase section */

/* Begin PBXFileReference section */
		031F0B0D2C0EA90E002AFB78 /* CurrencyNetworkService.swift */ = {isa = PBXFileReference; lastKnownFileType = sourcecode.swift; path = CurrencyNetworkService.swift; sourceTree = "<group>"; };
		0325E5272C0914EC0043463A /* MyBank.app */ = {isa = PBXFileReference; explicitFileType = wrapper.application; includeInIndex = 0; path = MyBank.app; sourceTree = BUILT_PRODUCTS_DIR; };
		0325E52A2C0914EC0043463A /* MyBankApp.swift */ = {isa = PBXFileReference; lastKnownFileType = sourcecode.swift; path = MyBankApp.swift; sourceTree = "<group>"; };
		0325E52C2C0914EC0043463A /* MainView.swift */ = {isa = PBXFileReference; lastKnownFileType = sourcecode.swift; path = MainView.swift; sourceTree = "<group>"; };
		0325E52E2C0914ED0043463A /* Assets.xcassets */ = {isa = PBXFileReference; lastKnownFileType = folder.assetcatalog; path = Assets.xcassets; sourceTree = "<group>"; };
		0325E5312C0914ED0043463A /* Preview Assets.xcassets */ = {isa = PBXFileReference; lastKnownFileType = folder.assetcatalog; path = "Preview Assets.xcassets"; sourceTree = "<group>"; };
		0325E5372C0914ED0043463A /* MyBankTests.xctest */ = {isa = PBXFileReference; explicitFileType = wrapper.cfbundle; includeInIndex = 0; path = MyBankTests.xctest; sourceTree = BUILT_PRODUCTS_DIR; };
		0325E53B2C0914ED0043463A /* CurrencyConverterTests.swift */ = {isa = PBXFileReference; lastKnownFileType = sourcecode.swift; path = CurrencyConverterTests.swift; sourceTree = "<group>"; };
		0325E5412C0914ED0043463A /* MyBankUITests.xctest */ = {isa = PBXFileReference; explicitFileType = wrapper.cfbundle; includeInIndex = 0; path = MyBankUITests.xctest; sourceTree = BUILT_PRODUCTS_DIR; };
		0325E5452C0914ED0043463A /* MyBankUITests.swift */ = {isa = PBXFileReference; lastKnownFileType = sourcecode.swift; path = MyBankUITests.swift; sourceTree = "<group>"; };
		033195E02C0A08740064799B /* MyFoundation.framework */ = {isa = PBXFileReference; explicitFileType = wrapper.framework; path = MyFoundation.framework; sourceTree = BUILT_PRODUCTS_DIR; };
		033886672C0916F000F1B526 /* TransferView.swift */ = {isa = PBXFileReference; lastKnownFileType = sourcecode.swift; path = TransferView.swift; sourceTree = "<group>"; };
		0338866A2C092B2A00F1B526 /* UserBankAccountTransferView.swift */ = {isa = PBXFileReference; lastKnownFileType = sourcecode.swift; path = UserBankAccountTransferView.swift; sourceTree = "<group>"; };
		0338866C2C095A3B00F1B526 /* UserBankAccountTransferViewModel.swift */ = {isa = PBXFileReference; lastKnownFileType = sourcecode.swift; path = UserBankAccountTransferViewModel.swift; sourceTree = "<group>"; };
		033886722C09806B00F1B526 /* TransferSectionView.swift */ = {isa = PBXFileReference; lastKnownFileType = sourcecode.swift; path = TransferSectionView.swift; sourceTree = "<group>"; };
		033886762C09827700F1B526 /* PrimaryButtonView.swift */ = {isa = PBXFileReference; lastKnownFileType = sourcecode.swift; path = PrimaryButtonView.swift; sourceTree = "<group>"; };
		0338867B2C0984DA00F1B526 /* BankAccount.swift */ = {isa = PBXFileReference; lastKnownFileType = sourcecode.swift; path = BankAccount.swift; sourceTree = "<group>"; };
		033CFB412C0A44BC008C4B66 /* TransferSectionHeaderView.swift */ = {isa = PBXFileReference; lastKnownFileType = sourcecode.swift; path = TransferSectionHeaderView.swift; sourceTree = "<group>"; };
		0365E0B02C0D10CF00E071F7 /* AppTheme.swift */ = {isa = PBXFileReference; lastKnownFileType = sourcecode.swift; path = AppTheme.swift; sourceTree = "<group>"; };
		0365E0B22C0D118F00E071F7 /* AppConstants.swift */ = {isa = PBXFileReference; lastKnownFileType = sourcecode.swift; path = AppConstants.swift; sourceTree = "<group>"; };
		0365E0B42C0D335400E071F7 /* UserBankAccountTransferViewModelTests.swift */ = {isa = PBXFileReference; lastKnownFileType = sourcecode.swift; path = UserBankAccountTransferViewModelTests.swift; sourceTree = "<group>"; };
		038E5A522C0D54C9005C26AA /* AlertMessage+Extension.swift */ = {isa = PBXFileReference; lastKnownFileType = sourcecode.swift; path = "AlertMessage+Extension.swift"; sourceTree = "<group>"; };
		03B240A02C0EAB6D009492C5 /* CurrencyMapper.swift */ = {isa = PBXFileReference; lastKnownFileType = sourcecode.swift; path = CurrencyMapper.swift; sourceTree = "<group>"; };
		03B240A32C0EAB8F009492C5 /* CurrencyDto.swift */ = {isa = PBXFileReference; lastKnownFileType = sourcecode.swift; path = CurrencyDto.swift; sourceTree = "<group>"; };
		03B240A82C0EAE83009492C5 /* Endpoints.swift */ = {isa = PBXFileReference; lastKnownFileType = sourcecode.swift; path = Endpoints.swift; sourceTree = "<group>"; };
		03B240AA2C0EAECB009492C5 /* NetworkService.swift */ = {isa = PBXFileReference; lastKnownFileType = sourcecode.swift; path = NetworkService.swift; sourceTree = "<group>"; };
		03B240AD2C0EB323009492C5 /* ResolverLoader.swift */ = {isa = PBXFileReference; lastKnownFileType = sourcecode.swift; path = ResolverLoader.swift; sourceTree = "<group>"; };
		03BE81FB2C0BC23000AD253E /* SwapButtonView.swift */ = {isa = PBXFileReference; lastKnownFileType = sourcecode.swift; path = SwapButtonView.swift; sourceTree = "<group>"; };
		03BE81FD2C0C2C4500AD253E /* CurrencyConverter.swift */ = {isa = PBXFileReference; lastKnownFileType = sourcecode.swift; path = CurrencyConverter.swift; sourceTree = "<group>"; };
		03BE82002C0C310B00AD253E /* LoginView.swift */ = {isa = PBXFileReference; lastKnownFileType = sourcecode.swift; path = LoginView.swift; sourceTree = "<group>"; };
		03BE82022C0C321300AD253E /* LoginViewModel.swift */ = {isa = PBXFileReference; lastKnownFileType = sourcecode.swift; path = LoginViewModel.swift; sourceTree = "<group>"; };
		03BE82042C0C336000AD253E /* ExchangeRate.swift */ = {isa = PBXFileReference; lastKnownFileType = sourcecode.swift; path = ExchangeRate.swift; sourceTree = "<group>"; };
		03D199E62C7D05CB005EAB22 /* AccountsNetworkService.swift */ = {isa = PBXFileReference; lastKnownFileType = sourcecode.swift; path = AccountsNetworkService.swift; sourceTree = "<group>"; };
		03D199E82C7D0622005EAB22 /* BankAccountDto.swift */ = {isa = PBXFileReference; lastKnownFileType = sourcecode.swift; path = BankAccountDto.swift; sourceTree = "<group>"; };
		03D199EA2C7D0634005EAB22 /* Currency.swift */ = {isa = PBXFileReference; lastKnownFileType = sourcecode.swift; path = Currency.swift; sourceTree = "<group>"; };
		03D199EC2C7D06BE005EAB22 /* BankAccountMapper.swift */ = {isa = PBXFileReference; lastKnownFileType = sourcecode.swift; path = BankAccountMapper.swift; sourceTree = "<group>"; };
		03D199EF2C7D0E09005EAB22 /* NetworkServices.swift */ = {isa = PBXFileReference; lastKnownFileType = sourcecode.swift; path = NetworkServices.swift; sourceTree = "<group>"; };
		03DDE2432C91D2EF00FE7721 /* UserBankAccountsView.swift */ = {isa = PBXFileReference; lastKnownFileType = sourcecode.swift; path = UserBankAccountsView.swift; sourceTree = "<group>"; };
		03DDE2452C91D34900FE7721 /* UserBankAccountsViewModel.swift */ = {isa = PBXFileReference; lastKnownFileType = sourcecode.swift; path = UserBankAccountsViewModel.swift; sourceTree = "<group>"; };
		03DDE2472C91D95300FE7721 /* SingleAccountRow.swift */ = {isa = PBXFileReference; lastKnownFileType = sourcecode.swift; path = SingleAccountRow.swift; sourceTree = "<group>"; };
		03DDE2492C9255CB00FE7721 /* UserBankAccountsViewModelTests.swift */ = {isa = PBXFileReference; lastKnownFileType = sourcecode.swift; path = UserBankAccountsViewModelTests.swift; sourceTree = "<group>"; };
		03DDE24E2C92622900FE7721 /* MockMyTimerCreator.swift */ = {isa = PBXFileReference; lastKnownFileType = sourcecode.swift; path = MockMyTimerCreator.swift; sourceTree = "<group>"; };
/* End PBXFileReference section */

/* Begin PBXFrameworksBuildPhase section */
		0325E5242C0914EC0043463A /* Frameworks */ = {
			isa = PBXFrameworksBuildPhase;
			buildActionMask = 2147483647;
			files = (
				03B240A72C0EAE41009492C5 /* Alamofire in Frameworks */,
				03B2409E2C0EAAD2009492C5 /* Resolver in Frameworks */,
				033195E12C0A08740064799B /* MyFoundation.framework in Frameworks */,
			);
			runOnlyForDeploymentPostprocessing = 0;
		};
		0325E5342C0914ED0043463A /* Frameworks */ = {
			isa = PBXFrameworksBuildPhase;
			buildActionMask = 2147483647;
			files = (
			);
			runOnlyForDeploymentPostprocessing = 0;
		};
		0325E53E2C0914ED0043463A /* Frameworks */ = {
			isa = PBXFrameworksBuildPhase;
			buildActionMask = 2147483647;
			files = (
			);
			runOnlyForDeploymentPostprocessing = 0;
		};
/* End PBXFrameworksBuildPhase section */

/* Begin PBXGroup section */
		031F0B0C2C0EA906002AFB78 /* Networking */ = {
			isa = PBXGroup;
			children = (
				031F0B0D2C0EA90E002AFB78 /* CurrencyNetworkService.swift */,
				03D199E62C7D05CB005EAB22 /* AccountsNetworkService.swift */,
				03B240A82C0EAE83009492C5 /* Endpoints.swift */,
				03B240AA2C0EAECB009492C5 /* NetworkService.swift */,
			);
			path = Networking;
			sourceTree = "<group>";
		};
		0325E51E2C0914EC0043463A = {
			isa = PBXGroup;
			children = (
				0325E5292C0914EC0043463A /* MyBank */,
				0325E53A2C0914ED0043463A /* MyBankTests */,
				0325E5442C0914ED0043463A /* MyBankUITests */,
				0325E5282C0914EC0043463A /* Products */,
				033195DF2C0A08740064799B /* Frameworks */,
			);
			sourceTree = "<group>";
		};
		0325E5282C0914EC0043463A /* Products */ = {
			isa = PBXGroup;
			children = (
				0325E5272C0914EC0043463A /* MyBank.app */,
				0325E5372C0914ED0043463A /* MyBankTests.xctest */,
				0325E5412C0914ED0043463A /* MyBankUITests.xctest */,
			);
			name = Products;
			sourceTree = "<group>";
		};
		0325E5292C0914EC0043463A /* MyBank */ = {
			isa = PBXGroup;
			children = (
				03B240AC2C0EB31A009492C5 /* DI */,
				03B240A22C0EAB83009492C5 /* Dtos */,
				03B2409F2C0EAB66009492C5 /* Mappers */,
				031F0B0C2C0EA906002AFB78 /* Networking */,
				0338867A2C0984D000F1B526 /* Models */,
				033886742C09826300F1B526 /* Common */,
				033886622C0916AD00F1B526 /* Pages */,
				033886612C0916A500F1B526 /* App */,
				0325E52E2C0914ED0043463A /* Assets.xcassets */,
				0325E5302C0914ED0043463A /* Preview Content */,
			);
			path = MyBank;
			sourceTree = "<group>";
		};
		0325E5302C0914ED0043463A /* Preview Content */ = {
			isa = PBXGroup;
			children = (
				0325E5312C0914ED0043463A /* Preview Assets.xcassets */,
			);
			path = "Preview Content";
			sourceTree = "<group>";
		};
		0325E53A2C0914ED0043463A /* MyBankTests */ = {
			isa = PBXGroup;
			children = (
				03D199EE2C7D0DFE005EAB22 /* Mocks */,
				038E5A512C0D54BE005C26AA /* Common */,
				0325E53B2C0914ED0043463A /* CurrencyConverterTests.swift */,
				03DDE2492C9255CB00FE7721 /* UserBankAccountsViewModelTests.swift */,
				0365E0B42C0D335400E071F7 /* UserBankAccountTransferViewModelTests.swift */,
			);
			path = MyBankTests;
			sourceTree = "<group>";
		};
		0325E5442C0914ED0043463A /* MyBankUITests */ = {
			isa = PBXGroup;
			children = (
				0325E5452C0914ED0043463A /* MyBankUITests.swift */,
			);
			path = MyBankUITests;
			sourceTree = "<group>";
		};
		033195DF2C0A08740064799B /* Frameworks */ = {
			isa = PBXGroup;
			children = (
				033195E02C0A08740064799B /* MyFoundation.framework */,
			);
			name = Frameworks;
			sourceTree = "<group>";
		};
		033886612C0916A500F1B526 /* App */ = {
			isa = PBXGroup;
			children = (
				0325E52A2C0914EC0043463A /* MyBankApp.swift */,
			);
			path = App;
			sourceTree = "<group>";
		};
		033886622C0916AD00F1B526 /* Pages */ = {
			isa = PBXGroup;
			children = (
				03DDE2422C91D2D500FE7721 /* UserBankAccounts */,
				03BE81FF2C0C30EC00AD253E /* Main */,
				033886642C0916C600F1B526 /* Transfer */,
				033886632C0916BC00F1B526 /* Login */,
			);
			path = Pages;
			sourceTree = "<group>";
		};
		033886632C0916BC00F1B526 /* Login */ = {
			isa = PBXGroup;
			children = (
				03BE82002C0C310B00AD253E /* LoginView.swift */,
				03BE82022C0C321300AD253E /* LoginViewModel.swift */,
			);
			path = Login;
			sourceTree = "<group>";
		};
		033886642C0916C600F1B526 /* Transfer */ = {
			isa = PBXGroup;
			children = (
				033886692C092B0C00F1B526 /* UserAccountTransfer */,
				033886672C0916F000F1B526 /* TransferView.swift */,
			);
			path = Transfer;
			sourceTree = "<group>";
		};
		033886692C092B0C00F1B526 /* UserAccountTransfer */ = {
			isa = PBXGroup;
			children = (
				0338866A2C092B2A00F1B526 /* UserBankAccountTransferView.swift */,
				03BE81FB2C0BC23000AD253E /* SwapButtonView.swift */,
				033886722C09806B00F1B526 /* TransferSectionView.swift */,
				033CFB412C0A44BC008C4B66 /* TransferSectionHeaderView.swift */,
				0338866C2C095A3B00F1B526 /* UserBankAccountTransferViewModel.swift */,
			);
			path = UserAccountTransfer;
			sourceTree = "<group>";
		};
		033886742C09826300F1B526 /* Common */ = {
			isa = PBXGroup;
			children = (
				033886752C09826B00F1B526 /* UIComponents */,
				03BE81FD2C0C2C4500AD253E /* CurrencyConverter.swift */,
				0365E0B02C0D10CF00E071F7 /* AppTheme.swift */,
				0365E0B22C0D118F00E071F7 /* AppConstants.swift */,
			);
			path = Common;
			sourceTree = "<group>";
		};
		033886752C09826B00F1B526 /* UIComponents */ = {
			isa = PBXGroup;
			children = (
				033886762C09827700F1B526 /* PrimaryButtonView.swift */,
			);
			path = UIComponents;
			sourceTree = "<group>";
		};
		0338867A2C0984D000F1B526 /* Models */ = {
			isa = PBXGroup;
			children = (
				0338867B2C0984DA00F1B526 /* BankAccount.swift */,
				03D199EA2C7D0634005EAB22 /* Currency.swift */,
				03BE82042C0C336000AD253E /* ExchangeRate.swift */,
			);
			path = Models;
			sourceTree = "<group>";
		};
		038E5A512C0D54BE005C26AA /* Common */ = {
			isa = PBXGroup;
			children = (
				038E5A522C0D54C9005C26AA /* AlertMessage+Extension.swift */,
			);
			path = Common;
			sourceTree = "<group>";
		};
		03B2409F2C0EAB66009492C5 /* Mappers */ = {
			isa = PBXGroup;
			children = (
				03D199EC2C7D06BE005EAB22 /* BankAccountMapper.swift */,
				03B240A02C0EAB6D009492C5 /* CurrencyMapper.swift */,
			);
			path = Mappers;
			sourceTree = "<group>";
		};
		03B240A22C0EAB83009492C5 /* Dtos */ = {
			isa = PBXGroup;
			children = (
				03B240A32C0EAB8F009492C5 /* CurrencyDto.swift */,
				03D199E82C7D0622005EAB22 /* BankAccountDto.swift */,
			);
			path = Dtos;
			sourceTree = "<group>";
		};
		03B240AC2C0EB31A009492C5 /* DI */ = {
			isa = PBXGroup;
			children = (
				03B240AD2C0EB323009492C5 /* ResolverLoader.swift */,
			);
			path = DI;
			sourceTree = "<group>";
		};
		03BE81FF2C0C30EC00AD253E /* Main */ = {
			isa = PBXGroup;
			children = (
				0325E52C2C0914EC0043463A /* MainView.swift */,
			);
			path = Main;
			sourceTree = "<group>";
		};
		03D199EE2C7D0DFE005EAB22 /* Mocks */ = {
			isa = PBXGroup;
			children = (
				03D199EF2C7D0E09005EAB22 /* NetworkServices.swift */,
				03DDE24E2C92622900FE7721 /* MockMyTimerCreator.swift */,
			);
			path = Mocks;
			sourceTree = "<group>";
		};
		03DDE2422C91D2D500FE7721 /* UserBankAccounts */ = {
			isa = PBXGroup;
			children = (
				03DDE2432C91D2EF00FE7721 /* UserBankAccountsView.swift */,
				03DDE2472C91D95300FE7721 /* SingleAccountRow.swift */,
				03DDE2452C91D34900FE7721 /* UserBankAccountsViewModel.swift */,
			);
			path = UserBankAccounts;
			sourceTree = "<group>";
		};
/* End PBXGroup section */

/* Begin PBXNativeTarget section */
		0325E5262C0914EC0043463A /* MyBank */ = {
			isa = PBXNativeTarget;
			buildConfigurationList = 0325E54B2C0914ED0043463A /* Build configuration list for PBXNativeTarget "MyBank" */;
			buildPhases = (
				0325E5232C0914EC0043463A /* Sources */,
				0325E5242C0914EC0043463A /* Frameworks */,
				0325E5252C0914EC0043463A /* Resources */,
				033195E32C0A08740064799B /* Embed Frameworks */,
			);
			buildRules = (
			);
			dependencies = (
			);
			name = MyBank;
			packageProductDependencies = (
				03B2409D2C0EAAD2009492C5 /* Resolver */,
				03B240A62C0EAE41009492C5 /* Alamofire */,
			);
			productName = MyBank;
			productReference = 0325E5272C0914EC0043463A /* MyBank.app */;
			productType = "com.apple.product-type.application";
		};
		0325E5362C0914ED0043463A /* MyBankTests */ = {
			isa = PBXNativeTarget;
			buildConfigurationList = 0325E54E2C0914ED0043463A /* Build configuration list for PBXNativeTarget "MyBankTests" */;
			buildPhases = (
				0325E5332C0914ED0043463A /* Sources */,
				0325E5342C0914ED0043463A /* Frameworks */,
				0325E5352C0914ED0043463A /* Resources */,
			);
			buildRules = (
			);
			dependencies = (
				0325E5392C0914ED0043463A /* PBXTargetDependency */,
			);
			name = MyBankTests;
			productName = MyBankTests;
			productReference = 0325E5372C0914ED0043463A /* MyBankTests.xctest */;
			productType = "com.apple.product-type.bundle.unit-test";
		};
		0325E5402C0914ED0043463A /* MyBankUITests */ = {
			isa = PBXNativeTarget;
			buildConfigurationList = 0325E5512C0914ED0043463A /* Build configuration list for PBXNativeTarget "MyBankUITests" */;
			buildPhases = (
				0325E53D2C0914ED0043463A /* Sources */,
				0325E53E2C0914ED0043463A /* Frameworks */,
				0325E53F2C0914ED0043463A /* Resources */,
			);
			buildRules = (
			);
			dependencies = (
				0325E5432C0914ED0043463A /* PBXTargetDependency */,
			);
			name = MyBankUITests;
			productName = MyBankUITests;
			productReference = 0325E5412C0914ED0043463A /* MyBankUITests.xctest */;
			productType = "com.apple.product-type.bundle.ui-testing";
		};
/* End PBXNativeTarget section */

/* Begin PBXProject section */
		0325E51F2C0914EC0043463A /* Project object */ = {
			isa = PBXProject;
			attributes = {
				BuildIndependentTargetsInParallel = 1;
				LastSwiftUpdateCheck = 1540;
				LastUpgradeCheck = 1540;
				TargetAttributes = {
					0325E5262C0914EC0043463A = {
						CreatedOnToolsVersion = 15.4;
					};
					0325E5362C0914ED0043463A = {
						CreatedOnToolsVersion = 15.4;
						TestTargetID = 0325E5262C0914EC0043463A;
					};
					0325E5402C0914ED0043463A = {
						CreatedOnToolsVersion = 15.4;
						TestTargetID = 0325E5262C0914EC0043463A;
					};
				};
			};
			buildConfigurationList = 0325E5222C0914EC0043463A /* Build configuration list for PBXProject "MyBank" */;
			compatibilityVersion = "Xcode 14.0";
			developmentRegion = en;
			hasScannedForEncodings = 0;
			knownRegions = (
				en,
				Base,
			);
			mainGroup = 0325E51E2C0914EC0043463A;
			packageReferences = (
				031F0B0F2C0EA9BA002AFB78 /* XCRemoteSwiftPackageReference "Resolver" */,
				03B240A52C0EAE37009492C5 /* XCRemoteSwiftPackageReference "Alamofire" */,
			);
			productRefGroup = 0325E5282C0914EC0043463A /* Products */;
			projectDirPath = "";
			projectRoot = "";
			targets = (
				0325E5262C0914EC0043463A /* MyBank */,
				0325E5362C0914ED0043463A /* MyBankTests */,
				0325E5402C0914ED0043463A /* MyBankUITests */,
			);
		};
/* End PBXProject section */

/* Begin PBXResourcesBuildPhase section */
		0325E5252C0914EC0043463A /* Resources */ = {
			isa = PBXResourcesBuildPhase;
			buildActionMask = 2147483647;
			files = (
				0325E5322C0914ED0043463A /* Preview Assets.xcassets in Resources */,
				0325E52F2C0914ED0043463A /* Assets.xcassets in Resources */,
			);
			runOnlyForDeploymentPostprocessing = 0;
		};
		0325E5352C0914ED0043463A /* Resources */ = {
			isa = PBXResourcesBuildPhase;
			buildActionMask = 2147483647;
			files = (
			);
			runOnlyForDeploymentPostprocessing = 0;
		};
		0325E53F2C0914ED0043463A /* Resources */ = {
			isa = PBXResourcesBuildPhase;
			buildActionMask = 2147483647;
			files = (
			);
			runOnlyForDeploymentPostprocessing = 0;
		};
/* End PBXResourcesBuildPhase section */

/* Begin PBXSourcesBuildPhase section */
		0325E5232C0914EC0043463A /* Sources */ = {
			isa = PBXSourcesBuildPhase;
			buildActionMask = 2147483647;
			files = (
				033CFB422C0A44BC008C4B66 /* TransferSectionHeaderView.swift in Sources */,
				0365E0B12C0D10CF00E071F7 /* AppTheme.swift in Sources */,
				033886732C09806B00F1B526 /* TransferSectionView.swift in Sources */,
				033886682C09220900F1B526 /* TransferView.swift in Sources */,
				0338866D2C095A3B00F1B526 /* UserBankAccountTransferViewModel.swift in Sources */,
				03B240A42C0EAB8F009492C5 /* CurrencyDto.swift in Sources */,
				03D199EB2C7D0635005EAB22 /* Currency.swift in Sources */,
				03DDE2482C91D95300FE7721 /* SingleAccountRow.swift in Sources */,
				0338867C2C0984DA00F1B526 /* BankAccount.swift in Sources */,
				0325E52D2C0914EC0043463A /* MainView.swift in Sources */,
				03D199ED2C7D06BE005EAB22 /* BankAccountMapper.swift in Sources */,
				03BE82012C0C310B00AD253E /* LoginView.swift in Sources */,
				033886772C09827700F1B526 /* PrimaryButtonView.swift in Sources */,
				03D199E72C7D05CB005EAB22 /* AccountsNetworkService.swift in Sources */,
				03BE82032C0C321300AD253E /* LoginViewModel.swift in Sources */,
				0325E52B2C0914EC0043463A /* MyBankApp.swift in Sources */,
				03D199E92C7D0622005EAB22 /* BankAccountDto.swift in Sources */,
				03B240A12C0EAB6D009492C5 /* CurrencyMapper.swift in Sources */,
				03B240AB2C0EAECB009492C5 /* NetworkService.swift in Sources */,
				03DDE2442C91D2EF00FE7721 /* UserBankAccountsView.swift in Sources */,
				0365E0B32C0D118F00E071F7 /* AppConstants.swift in Sources */,
				03B240A92C0EAE83009492C5 /* Endpoints.swift in Sources */,
				03B240AE2C0EB323009492C5 /* ResolverLoader.swift in Sources */,
				031F0B0E2C0EA90E002AFB78 /* CurrencyNetworkService.swift in Sources */,
				03BE81FE2C0C2C4500AD253E /* CurrencyConverter.swift in Sources */,
				0338866B2C092B2A00F1B526 /* UserBankAccountTransferView.swift in Sources */,
				03DDE2462C91D34900FE7721 /* UserBankAccountsViewModel.swift in Sources */,
				03BE82052C0C336000AD253E /* ExchangeRate.swift in Sources */,
				03BE81FC2C0BC23000AD253E /* SwapButtonView.swift in Sources */,
			);
			runOnlyForDeploymentPostprocessing = 0;
		};
		0325E5332C0914ED0043463A /* Sources */ = {
			isa = PBXSourcesBuildPhase;
			buildActionMask = 2147483647;
			files = (
				03DDE24F2C92622900FE7721 /* MockMyTimerCreator.swift in Sources */,
				03DDE24A2C9255CB00FE7721 /* UserBankAccountsViewModelTests.swift in Sources */,
				0365E0B52C0D335400E071F7 /* UserBankAccountTransferViewModelTests.swift in Sources */,
				0325E53C2C0914ED0043463A /* CurrencyConverterTests.swift in Sources */,
				03D199F02C7D0E09005EAB22 /* NetworkServices.swift in Sources */,
				038E5A532C0D54C9005C26AA /* AlertMessage+Extension.swift in Sources */,
			);
			runOnlyForDeploymentPostprocessing = 0;
		};
		0325E53D2C0914ED0043463A /* Sources */ = {
			isa = PBXSourcesBuildPhase;
			buildActionMask = 2147483647;
			files = (
				0325E5462C0914ED0043463A /* MyBankUITests.swift in Sources */,
			);
			runOnlyForDeploymentPostprocessing = 0;
		};
/* End PBXSourcesBuildPhase section */

/* Begin PBXTargetDependency section */
		0325E5392C0914ED0043463A /* PBXTargetDependency */ = {
			isa = PBXTargetDependency;
			target = 0325E5262C0914EC0043463A /* MyBank */;
			targetProxy = 0325E5382C0914ED0043463A /* PBXContainerItemProxy */;
		};
		0325E5432C0914ED0043463A /* PBXTargetDependency */ = {
			isa = PBXTargetDependency;
			target = 0325E5262C0914EC0043463A /* MyBank */;
			targetProxy = 0325E5422C0914ED0043463A /* PBXContainerItemProxy */;
		};
/* End PBXTargetDependency section */

/* Begin XCBuildConfiguration section */
		0325E5492C0914ED0043463A /* Debug */ = {
			isa = XCBuildConfiguration;
			buildSettings = {
				ALWAYS_SEARCH_USER_PATHS = NO;
				ASSETCATALOG_COMPILER_GENERATE_SWIFT_ASSET_SYMBOL_EXTENSIONS = YES;
				CLANG_ANALYZER_NONNULL = YES;
				CLANG_ANALYZER_NUMBER_OBJECT_CONVERSION = YES_AGGRESSIVE;
				CLANG_CXX_LANGUAGE_STANDARD = "gnu++20";
				CLANG_ENABLE_MODULES = YES;
				CLANG_ENABLE_OBJC_ARC = YES;
				CLANG_ENABLE_OBJC_WEAK = YES;
				CLANG_WARN_BLOCK_CAPTURE_AUTORELEASING = YES;
				CLANG_WARN_BOOL_CONVERSION = YES;
				CLANG_WARN_COMMA = YES;
				CLANG_WARN_CONSTANT_CONVERSION = YES;
				CLANG_WARN_DEPRECATED_OBJC_IMPLEMENTATIONS = YES;
				CLANG_WARN_DIRECT_OBJC_ISA_USAGE = YES_ERROR;
				CLANG_WARN_DOCUMENTATION_COMMENTS = YES;
				CLANG_WARN_EMPTY_BODY = YES;
				CLANG_WARN_ENUM_CONVERSION = YES;
				CLANG_WARN_INFINITE_RECURSION = YES;
				CLANG_WARN_INT_CONVERSION = YES;
				CLANG_WARN_NON_LITERAL_NULL_CONVERSION = YES;
				CLANG_WARN_OBJC_IMPLICIT_RETAIN_SELF = YES;
				CLANG_WARN_OBJC_LITERAL_CONVERSION = YES;
				CLANG_WARN_OBJC_ROOT_CLASS = YES_ERROR;
				CLANG_WARN_QUOTED_INCLUDE_IN_FRAMEWORK_HEADER = YES;
				CLANG_WARN_RANGE_LOOP_ANALYSIS = YES;
				CLANG_WARN_STRICT_PROTOTYPES = YES;
				CLANG_WARN_SUSPICIOUS_MOVE = YES;
				CLANG_WARN_UNGUARDED_AVAILABILITY = YES_AGGRESSIVE;
				CLANG_WARN_UNREACHABLE_CODE = YES;
				CLANG_WARN__DUPLICATE_METHOD_MATCH = YES;
				COPY_PHASE_STRIP = NO;
				DEBUG_INFORMATION_FORMAT = dwarf;
				ENABLE_STRICT_OBJC_MSGSEND = YES;
				ENABLE_TESTABILITY = YES;
				ENABLE_USER_SCRIPT_SANDBOXING = YES;
				GCC_C_LANGUAGE_STANDARD = gnu17;
				GCC_DYNAMIC_NO_PIC = NO;
				GCC_NO_COMMON_BLOCKS = YES;
				GCC_OPTIMIZATION_LEVEL = 0;
				GCC_PREPROCESSOR_DEFINITIONS = (
					"DEBUG=1",
					"$(inherited)",
				);
				GCC_WARN_64_TO_32_BIT_CONVERSION = YES;
				GCC_WARN_ABOUT_RETURN_TYPE = YES_ERROR;
				GCC_WARN_UNDECLARED_SELECTOR = YES;
				GCC_WARN_UNINITIALIZED_AUTOS = YES_AGGRESSIVE;
				GCC_WARN_UNUSED_FUNCTION = YES;
				GCC_WARN_UNUSED_VARIABLE = YES;
				IPHONEOS_DEPLOYMENT_TARGET = 17.5;
				LOCALIZATION_PREFERS_STRING_CATALOGS = YES;
				MTL_ENABLE_DEBUG_INFO = INCLUDE_SOURCE;
				MTL_FAST_MATH = YES;
				ONLY_ACTIVE_ARCH = YES;
				SDKROOT = iphoneos;
				SWIFT_ACTIVE_COMPILATION_CONDITIONS = "DEBUG $(inherited)";
				SWIFT_OPTIMIZATION_LEVEL = "-Onone";
			};
			name = Debug;
		};
		0325E54A2C0914ED0043463A /* Release */ = {
			isa = XCBuildConfiguration;
			buildSettings = {
				ALWAYS_SEARCH_USER_PATHS = NO;
				ASSETCATALOG_COMPILER_GENERATE_SWIFT_ASSET_SYMBOL_EXTENSIONS = YES;
				CLANG_ANALYZER_NONNULL = YES;
				CLANG_ANALYZER_NUMBER_OBJECT_CONVERSION = YES_AGGRESSIVE;
				CLANG_CXX_LANGUAGE_STANDARD = "gnu++20";
				CLANG_ENABLE_MODULES = YES;
				CLANG_ENABLE_OBJC_ARC = YES;
				CLANG_ENABLE_OBJC_WEAK = YES;
				CLANG_WARN_BLOCK_CAPTURE_AUTORELEASING = YES;
				CLANG_WARN_BOOL_CONVERSION = YES;
				CLANG_WARN_COMMA = YES;
				CLANG_WARN_CONSTANT_CONVERSION = YES;
				CLANG_WARN_DEPRECATED_OBJC_IMPLEMENTATIONS = YES;
				CLANG_WARN_DIRECT_OBJC_ISA_USAGE = YES_ERROR;
				CLANG_WARN_DOCUMENTATION_COMMENTS = YES;
				CLANG_WARN_EMPTY_BODY = YES;
				CLANG_WARN_ENUM_CONVERSION = YES;
				CLANG_WARN_INFINITE_RECURSION = YES;
				CLANG_WARN_INT_CONVERSION = YES;
				CLANG_WARN_NON_LITERAL_NULL_CONVERSION = YES;
				CLANG_WARN_OBJC_IMPLICIT_RETAIN_SELF = YES;
				CLANG_WARN_OBJC_LITERAL_CONVERSION = YES;
				CLANG_WARN_OBJC_ROOT_CLASS = YES_ERROR;
				CLANG_WARN_QUOTED_INCLUDE_IN_FRAMEWORK_HEADER = YES;
				CLANG_WARN_RANGE_LOOP_ANALYSIS = YES;
				CLANG_WARN_STRICT_PROTOTYPES = YES;
				CLANG_WARN_SUSPICIOUS_MOVE = YES;
				CLANG_WARN_UNGUARDED_AVAILABILITY = YES_AGGRESSIVE;
				CLANG_WARN_UNREACHABLE_CODE = YES;
				CLANG_WARN__DUPLICATE_METHOD_MATCH = YES;
				COPY_PHASE_STRIP = NO;
				DEBUG_INFORMATION_FORMAT = "dwarf-with-dsym";
				ENABLE_NS_ASSERTIONS = NO;
				ENABLE_STRICT_OBJC_MSGSEND = YES;
				ENABLE_USER_SCRIPT_SANDBOXING = YES;
				GCC_C_LANGUAGE_STANDARD = gnu17;
				GCC_NO_COMMON_BLOCKS = YES;
				GCC_WARN_64_TO_32_BIT_CONVERSION = YES;
				GCC_WARN_ABOUT_RETURN_TYPE = YES_ERROR;
				GCC_WARN_UNDECLARED_SELECTOR = YES;
				GCC_WARN_UNINITIALIZED_AUTOS = YES_AGGRESSIVE;
				GCC_WARN_UNUSED_FUNCTION = YES;
				GCC_WARN_UNUSED_VARIABLE = YES;
				IPHONEOS_DEPLOYMENT_TARGET = 17.5;
				LOCALIZATION_PREFERS_STRING_CATALOGS = YES;
				MTL_ENABLE_DEBUG_INFO = NO;
				MTL_FAST_MATH = YES;
				SDKROOT = iphoneos;
				SWIFT_COMPILATION_MODE = wholemodule;
				VALIDATE_PRODUCT = YES;
			};
			name = Release;
		};
		0325E54C2C0914ED0043463A /* Debug */ = {
			isa = XCBuildConfiguration;
			buildSettings = {
				ASSETCATALOG_COMPILER_APPICON_NAME = AppIcon;
				ASSETCATALOG_COMPILER_GLOBAL_ACCENT_COLOR_NAME = AccentColor;
				CODE_SIGN_STYLE = Automatic;
				CURRENT_PROJECT_VERSION = 1;
				DEVELOPMENT_ASSET_PATHS = "\"MyBank/Preview Content\"";
				DEVELOPMENT_TEAM = 232WPC9H5F;
				ENABLE_PREVIEWS = YES;
				GENERATE_INFOPLIST_FILE = YES;
				INFOPLIST_KEY_UIApplicationSceneManifest_Generation = YES;
				INFOPLIST_KEY_UIApplicationSupportsIndirectInputEvents = YES;
				INFOPLIST_KEY_UILaunchScreen_Generation = YES;
				INFOPLIST_KEY_UISupportedInterfaceOrientations_iPad = "UIInterfaceOrientationPortrait UIInterfaceOrientationPortraitUpsideDown UIInterfaceOrientationLandscapeLeft UIInterfaceOrientationLandscapeRight";
				INFOPLIST_KEY_UISupportedInterfaceOrientations_iPhone = "UIInterfaceOrientationPortrait UIInterfaceOrientationLandscapeLeft UIInterfaceOrientationLandscapeRight";
				LD_RUNPATH_SEARCH_PATHS = (
					"$(inherited)",
					"@executable_path/Frameworks",
				);
				MARKETING_VERSION = 1.0;
				PRODUCT_BUNDLE_IDENTIFIER = dmitry.home.MyBank;
				PRODUCT_NAME = "$(TARGET_NAME)";
				SWIFT_EMIT_LOC_STRINGS = YES;
				SWIFT_VERSION = 5.0;
				TARGETED_DEVICE_FAMILY = "1,2";
			};
			name = Debug;
		};
		0325E54D2C0914ED0043463A /* Release */ = {
			isa = XCBuildConfiguration;
			buildSettings = {
				ASSETCATALOG_COMPILER_APPICON_NAME = AppIcon;
				ASSETCATALOG_COMPILER_GLOBAL_ACCENT_COLOR_NAME = AccentColor;
				CODE_SIGN_STYLE = Automatic;
				CURRENT_PROJECT_VERSION = 1;
				DEVELOPMENT_ASSET_PATHS = "\"MyBank/Preview Content\"";
				DEVELOPMENT_TEAM = 232WPC9H5F;
				ENABLE_PREVIEWS = YES;
				GENERATE_INFOPLIST_FILE = YES;
				INFOPLIST_KEY_UIApplicationSceneManifest_Generation = YES;
				INFOPLIST_KEY_UIApplicationSupportsIndirectInputEvents = YES;
				INFOPLIST_KEY_UILaunchScreen_Generation = YES;
				INFOPLIST_KEY_UISupportedInterfaceOrientations_iPad = "UIInterfaceOrientationPortrait UIInterfaceOrientationPortraitUpsideDown UIInterfaceOrientationLandscapeLeft UIInterfaceOrientationLandscapeRight";
				INFOPLIST_KEY_UISupportedInterfaceOrientations_iPhone = "UIInterfaceOrientationPortrait UIInterfaceOrientationLandscapeLeft UIInterfaceOrientationLandscapeRight";
				LD_RUNPATH_SEARCH_PATHS = (
					"$(inherited)",
					"@executable_path/Frameworks",
				);
				MARKETING_VERSION = 1.0;
				PRODUCT_BUNDLE_IDENTIFIER = dmitry.home.MyBank;
				PRODUCT_NAME = "$(TARGET_NAME)";
				SWIFT_EMIT_LOC_STRINGS = YES;
				SWIFT_VERSION = 5.0;
				TARGETED_DEVICE_FAMILY = "1,2";
			};
			name = Release;
		};
		0325E54F2C0914ED0043463A /* Debug */ = {
			isa = XCBuildConfiguration;
			buildSettings = {
				ALWAYS_EMBED_SWIFT_STANDARD_LIBRARIES = YES;
				BUNDLE_LOADER = "$(TEST_HOST)";
				CODE_SIGN_STYLE = Automatic;
				CURRENT_PROJECT_VERSION = 1;
				DEVELOPMENT_TEAM = 232WPC9H5F;
				GENERATE_INFOPLIST_FILE = YES;
				IPHONEOS_DEPLOYMENT_TARGET = 17.5;
				MARKETING_VERSION = 1.0;
				PRODUCT_BUNDLE_IDENTIFIER = dmitry.home.MyBankTests;
				PRODUCT_NAME = "$(TARGET_NAME)";
				SWIFT_EMIT_LOC_STRINGS = NO;
				SWIFT_VERSION = 5.0;
				TARGETED_DEVICE_FAMILY = "1,2";
				TEST_HOST = "$(BUILT_PRODUCTS_DIR)/MyBank.app/$(BUNDLE_EXECUTABLE_FOLDER_PATH)/MyBank";
			};
			name = Debug;
		};
		0325E5502C0914ED0043463A /* Release */ = {
			isa = XCBuildConfiguration;
			buildSettings = {
				ALWAYS_EMBED_SWIFT_STANDARD_LIBRARIES = YES;
				BUNDLE_LOADER = "$(TEST_HOST)";
				CODE_SIGN_STYLE = Automatic;
				CURRENT_PROJECT_VERSION = 1;
				DEVELOPMENT_TEAM = 232WPC9H5F;
				GENERATE_INFOPLIST_FILE = YES;
				IPHONEOS_DEPLOYMENT_TARGET = 17.5;
				MARKETING_VERSION = 1.0;
				PRODUCT_BUNDLE_IDENTIFIER = dmitry.home.MyBankTests;
				PRODUCT_NAME = "$(TARGET_NAME)";
				SWIFT_EMIT_LOC_STRINGS = NO;
				SWIFT_VERSION = 5.0;
				TARGETED_DEVICE_FAMILY = "1,2";
				TEST_HOST = "$(BUILT_PRODUCTS_DIR)/MyBank.app/$(BUNDLE_EXECUTABLE_FOLDER_PATH)/MyBank";
			};
			name = Release;
		};
		0325E5522C0914ED0043463A /* Debug */ = {
			isa = XCBuildConfiguration;
			buildSettings = {
				ALWAYS_EMBED_SWIFT_STANDARD_LIBRARIES = YES;
				CODE_SIGN_STYLE = Automatic;
				CURRENT_PROJECT_VERSION = 1;
				DEVELOPMENT_TEAM = 232WPC9H5F;
				GENERATE_INFOPLIST_FILE = YES;
				MARKETING_VERSION = 1.0;
				PRODUCT_BUNDLE_IDENTIFIER = dmitry.home.MyBankUITests;
				PRODUCT_NAME = "$(TARGET_NAME)";
				SWIFT_EMIT_LOC_STRINGS = NO;
				SWIFT_VERSION = 5.0;
				TARGETED_DEVICE_FAMILY = "1,2";
				TEST_TARGET_NAME = MyBank;
			};
			name = Debug;
		};
		0325E5532C0914ED0043463A /* Release */ = {
			isa = XCBuildConfiguration;
			buildSettings = {
				ALWAYS_EMBED_SWIFT_STANDARD_LIBRARIES = YES;
				CODE_SIGN_STYLE = Automatic;
				CURRENT_PROJECT_VERSION = 1;
				DEVELOPMENT_TEAM = 232WPC9H5F;
				GENERATE_INFOPLIST_FILE = YES;
				MARKETING_VERSION = 1.0;
				PRODUCT_BUNDLE_IDENTIFIER = dmitry.home.MyBankUITests;
				PRODUCT_NAME = "$(TARGET_NAME)";
				SWIFT_EMIT_LOC_STRINGS = NO;
				SWIFT_VERSION = 5.0;
				TARGETED_DEVICE_FAMILY = "1,2";
				TEST_TARGET_NAME = MyBank;
			};
			name = Release;
		};
/* End XCBuildConfiguration section */

/* Begin XCConfigurationList section */
		0325E5222C0914EC0043463A /* Build configuration list for PBXProject "MyBank" */ = {
			isa = XCConfigurationList;
			buildConfigurations = (
				0325E5492C0914ED0043463A /* Debug */,
				0325E54A2C0914ED0043463A /* Release */,
			);
			defaultConfigurationIsVisible = 0;
			defaultConfigurationName = Release;
		};
		0325E54B2C0914ED0043463A /* Build configuration list for PBXNativeTarget "MyBank" */ = {
			isa = XCConfigurationList;
			buildConfigurations = (
				0325E54C2C0914ED0043463A /* Debug */,
				0325E54D2C0914ED0043463A /* Release */,
			);
			defaultConfigurationIsVisible = 0;
			defaultConfigurationName = Release;
		};
		0325E54E2C0914ED0043463A /* Build configuration list for PBXNativeTarget "MyBankTests" */ = {
			isa = XCConfigurationList;
			buildConfigurations = (
				0325E54F2C0914ED0043463A /* Debug */,
				0325E5502C0914ED0043463A /* Release */,
			);
			defaultConfigurationIsVisible = 0;
			defaultConfigurationName = Release;
		};
		0325E5512C0914ED0043463A /* Build configuration list for PBXNativeTarget "MyBankUITests" */ = {
			isa = XCConfigurationList;
			buildConfigurations = (
				0325E5522C0914ED0043463A /* Debug */,
				0325E5532C0914ED0043463A /* Release */,
			);
			defaultConfigurationIsVisible = 0;
			defaultConfigurationName = Release;
		};
/* End XCConfigurationList section */

/* Begin XCRemoteSwiftPackageReference section */
		031F0B0F2C0EA9BA002AFB78 /* XCRemoteSwiftPackageReference "Resolver" */ = {
			isa = XCRemoteSwiftPackageReference;
			repositoryURL = "https://github.com/hmlongco/Resolver";
			requirement = {
				kind = upToNextMajorVersion;
				minimumVersion = 1.5.1;
			};
		};
		03B240A52C0EAE37009492C5 /* XCRemoteSwiftPackageReference "Alamofire" */ = {
			isa = XCRemoteSwiftPackageReference;
			repositoryURL = "https://github.com/Alamofire/Alamofire";
			requirement = {
				kind = upToNextMajorVersion;
				minimumVersion = 5.9.1;
			};
		};
/* End XCRemoteSwiftPackageReference section */

/* Begin XCSwiftPackageProductDependency section */
		03B2409D2C0EAAD2009492C5 /* Resolver */ = {
			isa = XCSwiftPackageProductDependency;
			package = 031F0B0F2C0EA9BA002AFB78 /* XCRemoteSwiftPackageReference "Resolver" */;
			productName = Resolver;
		};
		03B240A62C0EAE41009492C5 /* Alamofire */ = {
			isa = XCSwiftPackageProductDependency;
			package = 03B240A52C0EAE37009492C5 /* XCRemoteSwiftPackageReference "Alamofire" */;
			productName = Alamofire;
		};
/* End XCSwiftPackageProductDependency section */
	};
	rootObject = 0325E51F2C0914EC0043463A /* Project object */;
}
