// !$*UTF8*$!
{
	archiveVersion = 1;
	classes = {
	};
	objectVersion = 56;
	objects = {

/* Begin PBXBuildFile section */
		033886712C0962FC00F1B526 /* Array+Extension.swift in Sources */ = {isa = PBXBuildFile; fileRef = 033886702C0962FC00F1B526 /* Array+Extension.swift */; };
		033886792C09842800F1B526 /* AlertMessage.swift in Sources */ = {isa = PBXBuildFile; fileRef = 033886782C09842800F1B526 /* AlertMessage.swift */; };
		03CAB7612C0915A8004629EC /* MyFoundation.docc in Sources */ = {isa = PBXBuildFile; fileRef = 03CAB7602C0915A8004629EC /* MyFoundation.docc */; };
		03CAB7672C0915A8004629EC /* MyFoundation.framework in Frameworks */ = {isa = PBXBuildFile; fileRef = 03CAB75C2C0915A8004629EC /* MyFoundation.framework */; };
		03CAB76C2C0915A8004629EC /* MyFoundationTests.swift in Sources */ = {isa = PBXBuildFile; fileRef = 03CAB76B2C0915A8004629EC /* MyFoundationTests.swift */; };
		03CAB76D2C0915A8004629EC /* MyFoundation.h in Headers */ = {isa = PBXBuildFile; fileRef = 03CAB75F2C0915A8004629EC /* MyFoundation.h */; settings = {ATTRIBUTES = (Public, ); }; };
		03DDE24D2C925F5000FE7721 /* MyTimer.swift in Sources */ = {isa = PBXBuildFile; fileRef = 03DDE24C2C925F5000FE7721 /* MyTimer.swift */; };
/* End PBXBuildFile section */

/* Begin PBXContainerItemProxy section */
		03CAB7682C0915A8004629EC /* PBXContainerItemProxy */ = {
			isa = PBXContainerItemProxy;
			containerPortal = 03CAB7532C0915A8004629EC /* Project object */;
			proxyType = 1;
			remoteGlobalIDString = 03CAB75B2C0915A8004629EC;
			remoteInfo = MyFoundation;
		};
/* End PBXContainerItemProxy section */

/* Begin PBXFileReference section */
		033886702C0962FC00F1B526 /* Array+Extension.swift */ = {isa = PBXFileReference; lastKnownFileType = sourcecode.swift; path = "Array+Extension.swift"; sourceTree = "<group>"; };
		033886782C09842800F1B526 /* AlertMessage.swift */ = {isa = PBXFileReference; lastKnownFileType = sourcecode.swift; path = AlertMessage.swift; sourceTree = "<group>"; };
		03CAB75C2C0915A8004629EC /* MyFoundation.framework */ = {isa = PBXFileReference; explicitFileType = wrapper.framework; includeInIndex = 0; path = MyFoundation.framework; sourceTree = BUILT_PRODUCTS_DIR; };
		03CAB75F2C0915A8004629EC /* MyFoundation.h */ = {isa = PBXFileReference; lastKnownFileType = sourcecode.c.h; path = MyFoundation.h; sourceTree = "<group>"; };
		03CAB7602C0915A8004629EC /* MyFoundation.docc */ = {isa = PBXFileReference; lastKnownFileType = folder.documentationcatalog; path = MyFoundation.docc; sourceTree = "<group>"; };
		03CAB7662C0915A8004629EC /* MyFoundationTests.xctest */ = {isa = PBXFileReference; explicitFileType = wrapper.cfbundle; includeInIndex = 0; path = MyFoundationTests.xctest; sourceTree = BUILT_PRODUCTS_DIR; };
		03CAB76B2C0915A8004629EC /* MyFoundationTests.swift */ = {isa = PBXFileReference; lastKnownFileType = sourcecode.swift; path = MyFoundationTests.swift; sourceTree = "<group>"; };
		03DDE24C2C925F5000FE7721 /* MyTimer.swift */ = {isa = PBXFileReference; lastKnownFileType = sourcecode.swift; path = MyTimer.swift; sourceTree = "<group>"; };
/* End PBXFileReference section */

/* Begin PBXFrameworksBuildPhase section */
		03CAB7592C0915A8004629EC /* Frameworks */ = {
			isa = PBXFrameworksBuildPhase;
			buildActionMask = 2147483647;
			files = (
			);
			runOnlyForDeploymentPostprocessing = 0;
		};
		03CAB7632C0915A8004629EC /* Frameworks */ = {
			isa = PBXFrameworksBuildPhase;
			buildActionMask = 2147483647;
			files = (
				03CAB7672C0915A8004629EC /* MyFoundation.framework in Frameworks */,
			);
			runOnlyForDeploymentPostprocessing = 0;
		};
/* End PBXFrameworksBuildPhase section */

/* Begin PBXGroup section */
		0338866F2C0962EB00F1B526 /* Extensions */ = {
			isa = PBXGroup;
			children = (
				033886702C0962FC00F1B526 /* Array+Extension.swift */,
			);
			path = Extensions;
			sourceTree = "<group>";
		};
		03CAB7522C0915A8004629EC = {
			isa = PBXGroup;
			children = (
				03CAB75E2C0915A8004629EC /* MyFoundation */,
				03CAB76A2C0915A8004629EC /* MyFoundationTests */,
				03CAB75D2C0915A8004629EC /* Products */,
			);
			sourceTree = "<group>";
		};
		03CAB75D2C0915A8004629EC /* Products */ = {
			isa = PBXGroup;
			children = (
				03CAB75C2C0915A8004629EC /* MyFoundation.framework */,
				03CAB7662C0915A8004629EC /* MyFoundationTests.xctest */,
			);
			name = Products;
			sourceTree = "<group>";
		};
		03CAB75E2C0915A8004629EC /* MyFoundation */ = {
			isa = PBXGroup;
			children = (
				0338866F2C0962EB00F1B526 /* Extensions */,
				03CAB75F2C0915A8004629EC /* MyFoundation.h */,
				03CAB7602C0915A8004629EC /* MyFoundation.docc */,
				033886782C09842800F1B526 /* AlertMessage.swift */,
				03DDE24C2C925F5000FE7721 /* MyTimer.swift */,
			);
			path = MyFoundation;
			sourceTree = "<group>";
		};
		03CAB76A2C0915A8004629EC /* MyFoundationTests */ = {
			isa = PBXGroup;
			children = (
				03CAB76B2C0915A8004629EC /* MyFoundationTests.swift */,
			);
			path = MyFoundationTests;
			sourceTree = "<group>";
		};
/* End PBXGroup section */

/* Begin PBXHeadersBuildPhase section */
		03CAB7572C0915A8004629EC /* Headers */ = {
			isa = PBXHeadersBuildPhase;
			buildActionMask = 2147483647;
			files = (
				03CAB76D2C0915A8004629EC /* MyFoundation.h in Headers */,
			);
			runOnlyForDeploymentPostprocessing = 0;
		};
/* End PBXHeadersBuildPhase section */

/* Begin PBXNativeTarget section */
		03CAB75B2C0915A8004629EC /* MyFoundation */ = {
			isa = PBXNativeTarget;
			buildConfigurationList = 03CAB7702C0915A8004629EC /* Build configuration list for PBXNativeTarget "MyFoundation" */;
			buildPhases = (
				03CAB7572C0915A8004629EC /* Headers */,
				03CAB7582C0915A8004629EC /* Sources */,
				03CAB7592C0915A8004629EC /* Frameworks */,
				03CAB75A2C0915A8004629EC /* Resources */,
			);
			buildRules = (
			);
			dependencies = (
			);
			name = MyFoundation;
			productName = MyFoundation;
			productReference = 03CAB75C2C0915A8004629EC /* MyFoundation.framework */;
			productType = "com.apple.product-type.framework";
		};
		03CAB7652C0915A8004629EC /* MyFoundationTests */ = {
			isa = PBXNativeTarget;
			buildConfigurationList = 03CAB7732C0915A8004629EC /* Build configuration list for PBXNativeTarget "MyFoundationTests" */;
			buildPhases = (
				03CAB7622C0915A8004629EC /* Sources */,
				03CAB7632C0915A8004629EC /* Frameworks */,
				03CAB7642C0915A8004629EC /* Resources */,
			);
			buildRules = (
			);
			dependencies = (
				03CAB7692C0915A8004629EC /* PBXTargetDependency */,
			);
			name = MyFoundationTests;
			productName = MyFoundationTests;
			productReference = 03CAB7662C0915A8004629EC /* MyFoundationTests.xctest */;
			productType = "com.apple.product-type.bundle.unit-test";
		};
/* End PBXNativeTarget section */

/* Begin PBXProject section */
		03CAB7532C0915A8004629EC /* Project object */ = {
			isa = PBXProject;
			attributes = {
				BuildIndependentTargetsInParallel = 1;
				LastSwiftUpdateCheck = 1540;
				LastUpgradeCheck = 1540;
				TargetAttributes = {
					03CAB75B2C0915A8004629EC = {
						CreatedOnToolsVersion = 15.4;
					};
					03CAB7652C0915A8004629EC = {
						CreatedOnToolsVersion = 15.4;
					};
				};
			};
			buildConfigurationList = 03CAB7562C0915A8004629EC /* Build configuration list for PBXProject "MyFoundation" */;
			compatibilityVersion = "Xcode 14.0";
			developmentRegion = en;
			hasScannedForEncodings = 0;
			knownRegions = (
				en,
				Base,
			);
			mainGroup = 03CAB7522C0915A8004629EC;
			productRefGroup = 03CAB75D2C0915A8004629EC /* Products */;
			projectDirPath = "";
			projectRoot = "";
			targets = (
				03CAB75B2C0915A8004629EC /* MyFoundation */,
				03CAB7652C0915A8004629EC /* MyFoundationTests */,
			);
		};
/* End PBXProject section */

/* Begin PBXResourcesBuildPhase section */
		03CAB75A2C0915A8004629EC /* Resources */ = {
			isa = PBXResourcesBuildPhase;
			buildActionMask = 2147483647;
			files = (
			);
			runOnlyForDeploymentPostprocessing = 0;
		};
		03CAB7642C0915A8004629EC /* Resources */ = {
			isa = PBXResourcesBuildPhase;
			buildActionMask = 2147483647;
			files = (
			);
			runOnlyForDeploymentPostprocessing = 0;
		};
/* End PBXResourcesBuildPhase section */

/* Begin PBXSourcesBuildPhase section */
		03CAB7582C0915A8004629EC /* Sources */ = {
			isa = PBXSourcesBuildPhase;
			buildActionMask = 2147483647;
			files = (
				03CAB7612C0915A8004629EC /* MyFoundation.docc in Sources */,
				033886792C09842800F1B526 /* AlertMessage.swift in Sources */,
				033886712C0962FC00F1B526 /* Array+Extension.swift in Sources */,
				03DDE24D2C925F5000FE7721 /* MyTimer.swift in Sources */,
			);
			runOnlyForDeploymentPostprocessing = 0;
		};
		03CAB7622C0915A8004629EC /* Sources */ = {
			isa = PBXSourcesBuildPhase;
			buildActionMask = 2147483647;
			files = (
				03CAB76C2C0915A8004629EC /* MyFoundationTests.swift in Sources */,
			);
			runOnlyForDeploymentPostprocessing = 0;
		};
/* End PBXSourcesBuildPhase section */

/* Begin PBXTargetDependency section */
		03CAB7692C0915A8004629EC /* PBXTargetDependency */ = {
			isa = PBXTargetDependency;
			target = 03CAB75B2C0915A8004629EC /* MyFoundation */;
			targetProxy = 03CAB7682C0915A8004629EC /* PBXContainerItemProxy */;
		};
/* End PBXTargetDependency section */

/* Begin XCBuildConfiguration section */
		03CAB76E2C0915A8004629EC /* Debug */ = {
			isa = XCBuildConfiguration;
			buildSettings = {
				ALWAYS_SEARCH_USER_PATHS = NO;
				ASSETCATALOG_COMPILER_GENERATE_SWIFT_ASSET_SYMBOL_EXTENSIONS = YES;
				CLANG_ANALYZER_NONNULL = YES;
				CLANG_ANALYZER_NUMBER_OBJECT_CONVERSION = YES_AGGRESSIVE;
				CLANG_CXX_LANGUAGE_STANDARD = "gnu++20";
				CLANG_ENABLE_MODULES = YES;
				CLANG_ENABLE_OBJC_ARC = YES;
				CLANG_ENABLE_OBJC_WEAK = YES;
				CLANG_WARN_BLOCK_CAPTURE_AUTORELEASING = YES;
				CLANG_WARN_BOOL_CONVERSION = YES;
				CLANG_WARN_COMMA = YES;
				CLANG_WARN_CONSTANT_CONVERSION = YES;
				CLANG_WARN_DEPRECATED_OBJC_IMPLEMENTATIONS = YES;
				CLANG_WARN_DIRECT_OBJC_ISA_USAGE = YES_ERROR;
				CLANG_WARN_DOCUMENTATION_COMMENTS = YES;
				CLANG_WARN_EMPTY_BODY = YES;
				CLANG_WARN_ENUM_CONVERSION = YES;
				CLANG_WARN_INFINITE_RECURSION = YES;
				CLANG_WARN_INT_CONVERSION = YES;
				CLANG_WARN_NON_LITERAL_NULL_CONVERSION = YES;
				CLANG_WARN_OBJC_IMPLICIT_RETAIN_SELF = YES;
				CLANG_WARN_OBJC_LITERAL_CONVERSION = YES;
				CLANG_WARN_OBJC_ROOT_CLASS = YES_ERROR;
				CLANG_WARN_QUOTED_INCLUDE_IN_FRAMEWORK_HEADER = YES;
				CLANG_WARN_RANGE_LOOP_ANALYSIS = YES;
				CLANG_WARN_STRICT_PROTOTYPES = YES;
				CLANG_WARN_SUSPICIOUS_MOVE = YES;
				CLANG_WARN_UNGUARDED_AVAILABILITY = YES_AGGRESSIVE;
				CLANG_WARN_UNREACHABLE_CODE = YES;
				CLANG_WARN__DUPLICATE_METHOD_MATCH = YES;
				COPY_PHASE_STRIP = NO;
				CURRENT_PROJECT_VERSION = 1;
				DEBUG_INFORMATION_FORMAT = dwarf;
				ENABLE_STRICT_OBJC_MSGSEND = YES;
				ENABLE_TESTABILITY = YES;
				ENABLE_USER_SCRIPT_SANDBOXING = YES;
				GCC_C_LANGUAGE_STANDARD = gnu17;
				GCC_DYNAMIC_NO_PIC = NO;
				GCC_NO_COMMON_BLOCKS = YES;
				GCC_OPTIMIZATION_LEVEL = 0;
				GCC_PREPROCESSOR_DEFINITIONS = (
					"DEBUG=1",
					"$(inherited)",
				);
				GCC_WARN_64_TO_32_BIT_CONVERSION = YES;
				GCC_WARN_ABOUT_RETURN_TYPE = YES_ERROR;
				GCC_WARN_UNDECLARED_SELECTOR = YES;
				GCC_WARN_UNINITIALIZED_AUTOS = YES_AGGRESSIVE;
				GCC_WARN_UNUSED_FUNCTION = YES;
				GCC_WARN_UNUSED_VARIABLE = YES;
				IPHONEOS_DEPLOYMENT_TARGET = 17.5;
				LOCALIZATION_PREFERS_STRING_CATALOGS = YES;
				MTL_ENABLE_DEBUG_INFO = INCLUDE_SOURCE;
				MTL_FAST_MATH = YES;
				ONLY_ACTIVE_ARCH = YES;
				SDKROOT = iphoneos;
				SWIFT_ACTIVE_COMPILATION_CONDITIONS = "DEBUG $(inherited)";
				SWIFT_OPTIMIZATION_LEVEL = "-Onone";
				VERSIONING_SYSTEM = "apple-generic";
				VERSION_INFO_PREFIX = "";
			};
			name = Debug;
		};
		03CAB76F2C0915A8004629EC /* Release */ = {
			isa = XCBuildConfiguration;
			buildSettings = {
				ALWAYS_SEARCH_USER_PATHS = NO;
				ASSETCATALOG_COMPILER_GENERATE_SWIFT_ASSET_SYMBOL_EXTENSIONS = YES;
				CLANG_ANALYZER_NONNULL = YES;
				CLANG_ANALYZER_NUMBER_OBJECT_CONVERSION = YES_AGGRESSIVE;
				CLANG_CXX_LANGUAGE_STANDARD = "gnu++20";
				CLANG_ENABLE_MODULES = YES;
				CLANG_ENABLE_OBJC_ARC = YES;
				CLANG_ENABLE_OBJC_WEAK = YES;
				CLANG_WARN_BLOCK_CAPTURE_AUTORELEASING = YES;
				CLANG_WARN_BOOL_CONVERSION = YES;
				CLANG_WARN_COMMA = YES;
				CLANG_WARN_CONSTANT_CONVERSION = YES;
				CLANG_WARN_DEPRECATED_OBJC_IMPLEMENTATIONS = YES;
				CLANG_WARN_DIRECT_OBJC_ISA_USAGE = YES_ERROR;
				CLANG_WARN_DOCUMENTATION_COMMENTS = YES;
				CLANG_WARN_EMPTY_BODY = YES;
				CLANG_WARN_ENUM_CONVERSION = YES;
				CLANG_WARN_INFINITE_RECURSION = YES;
				CLANG_WARN_INT_CONVERSION = YES;
				CLANG_WARN_NON_LITERAL_NULL_CONVERSION = YES;
				CLANG_WARN_OBJC_IMPLICIT_RETAIN_SELF = YES;
				CLANG_WARN_OBJC_LITERAL_CONVERSION = YES;
				CLANG_WARN_OBJC_ROOT_CLASS = YES_ERROR;
				CLANG_WARN_QUOTED_INCLUDE_IN_FRAMEWORK_HEADER = YES;
				CLANG_WARN_RANGE_LOOP_ANALYSIS = YES;
				CLANG_WARN_STRICT_PROTOTYPES = YES;
				CLANG_WARN_SUSPICIOUS_MOVE = YES;
				CLANG_WARN_UNGUARDED_AVAILABILITY = YES_AGGRESSIVE;
				CLANG_WARN_UNREACHABLE_CODE = YES;
				CLANG_WARN__DUPLICATE_METHOD_MATCH = YES;
				COPY_PHASE_STRIP = NO;
				CURRENT_PROJECT_VERSION = 1;
				DEBUG_INFORMATION_FORMAT = "dwarf-with-dsym";
				ENABLE_NS_ASSERTIONS = NO;
				ENABLE_STRICT_OBJC_MSGSEND = YES;
				ENABLE_USER_SCRIPT_SANDBOXING = YES;
				GCC_C_LANGUAGE_STANDARD = gnu17;
				GCC_NO_COMMON_BLOCKS = YES;
				GCC_WARN_64_TO_32_BIT_CONVERSION = YES;
				GCC_WARN_ABOUT_RETURN_TYPE = YES_ERROR;
				GCC_WARN_UNDECLARED_SELECTOR = YES;
				GCC_WARN_UNINITIALIZED_AUTOS = YES_AGGRESSIVE;
				GCC_WARN_UNUSED_FUNCTION = YES;
				GCC_WARN_UNUSED_VARIABLE = YES;
				IPHONEOS_DEPLOYMENT_TARGET = 17.5;
				LOCALIZATION_PREFERS_STRING_CATALOGS = YES;
				MTL_ENABLE_DEBUG_INFO = NO;
				MTL_FAST_MATH = YES;
				SDKROOT = iphoneos;
				SWIFT_COMPILATION_MODE = wholemodule;
				VALIDATE_PRODUCT = YES;
				VERSIONING_SYSTEM = "apple-generic";
				VERSION_INFO_PREFIX = "";
			};
			name = Release;
		};
		03CAB7712C0915A8004629EC /* Debug */ = {
			isa = XCBuildConfiguration;
			buildSettings = {
				BUILD_LIBRARY_FOR_DISTRIBUTION = YES;
				CODE_SIGN_STYLE = Automatic;
				CURRENT_PROJECT_VERSION = 1;
				DEFINES_MODULE = YES;
				DEVELOPMENT_TEAM = 232WPC9H5F;
				DYLIB_COMPATIBILITY_VERSION = 1;
				DYLIB_CURRENT_VERSION = 1;
				DYLIB_INSTALL_NAME_BASE = "@rpath";
				ENABLE_MODULE_VERIFIER = YES;
				GENERATE_INFOPLIST_FILE = YES;
				INFOPLIST_KEY_NSHumanReadableCopyright = "";
				INSTALL_PATH = "$(LOCAL_LIBRARY_DIR)/Frameworks";
				LD_RUNPATH_SEARCH_PATHS = (
					"$(inherited)",
					"@executable_path/Frameworks",
					"@loader_path/Frameworks",
				);
				MARKETING_VERSION = 1.0;
				MODULE_VERIFIER_SUPPORTED_LANGUAGES = "objective-c objective-c++";
				MODULE_VERIFIER_SUPPORTED_LANGUAGE_STANDARDS = "gnu17 gnu++20";
				PRODUCT_BUNDLE_IDENTIFIER = dmitry.home.MyFoundation;
				PRODUCT_NAME = "$(TARGET_NAME:c99extidentifier)";
				SKIP_INSTALL = YES;
				SWIFT_EMIT_LOC_STRINGS = YES;
				SWIFT_INSTALL_OBJC_HEADER = NO;
				SWIFT_VERSION = 5.0;
				TARGETED_DEVICE_FAMILY = "1,2";
			};
			name = Debug;
		};
		03CAB7722C0915A8004629EC /* Release */ = {
			isa = XCBuildConfiguration;
			buildSettings = {
				BUILD_LIBRARY_FOR_DISTRIBUTION = YES;
				CODE_SIGN_STYLE = Automatic;
				CURRENT_PROJECT_VERSION = 1;
				DEFINES_MODULE = YES;
				DEVELOPMENT_TEAM = 232WPC9H5F;
				DYLIB_COMPATIBILITY_VERSION = 1;
				DYLIB_CURRENT_VERSION = 1;
				DYLIB_INSTALL_NAME_BASE = "@rpath";
				ENABLE_MODULE_VERIFIER = YES;
				GENERATE_INFOPLIST_FILE = YES;
				INFOPLIST_KEY_NSHumanReadableCopyright = "";
				INSTALL_PATH = "$(LOCAL_LIBRARY_DIR)/Frameworks";
				LD_RUNPATH_SEARCH_PATHS = (
					"$(inherited)",
					"@executable_path/Frameworks",
					"@loader_path/Frameworks",
				);
				MARKETING_VERSION = 1.0;
				MODULE_VERIFIER_SUPPORTED_LANGUAGES = "objective-c objective-c++";
				MODULE_VERIFIER_SUPPORTED_LANGUAGE_STANDARDS = "gnu17 gnu++20";
				PRODUCT_BUNDLE_IDENTIFIER = dmitry.home.MyFoundation;
				PRODUCT_NAME = "$(TARGET_NAME:c99extidentifier)";
				SKIP_INSTALL = YES;
				SWIFT_EMIT_LOC_STRINGS = YES;
				SWIFT_INSTALL_OBJC_HEADER = NO;
				SWIFT_VERSION = 5.0;
				TARGETED_DEVICE_FAMILY = "1,2";
			};
			name = Release;
		};
		03CAB7742C0915A8004629EC /* Debug */ = {
			isa = XCBuildConfiguration;
			buildSettings = {
				ALWAYS_EMBED_SWIFT_STANDARD_LIBRARIES = YES;
				CODE_SIGN_STYLE = Automatic;
				CURRENT_PROJECT_VERSION = 1;
				DEVELOPMENT_TEAM = 232WPC9H5F;
				GENERATE_INFOPLIST_FILE = YES;
				MARKETING_VERSION = 1.0;
				PRODUCT_BUNDLE_IDENTIFIER = dmitry.home.MyFoundationTests;
				PRODUCT_NAME = "$(TARGET_NAME)";
				SWIFT_EMIT_LOC_STRINGS = NO;
				SWIFT_VERSION = 5.0;
				TARGETED_DEVICE_FAMILY = "1,2";
			};
			name = Debug;
		};
		03CAB7752C0915A8004629EC /* Release */ = {
			isa = XCBuildConfiguration;
			buildSettings = {
				ALWAYS_EMBED_SWIFT_STANDARD_LIBRARIES = YES;
				CODE_SIGN_STYLE = Automatic;
				CURRENT_PROJECT_VERSION = 1;
				DEVELOPMENT_TEAM = 232WPC9H5F;
				GENERATE_INFOPLIST_FILE = YES;
				MARKETING_VERSION = 1.0;
				PRODUCT_BUNDLE_IDENTIFIER = dmitry.home.MyFoundationTests;
				PRODUCT_NAME = "$(TARGET_NAME)";
				SWIFT_EMIT_LOC_STRINGS = NO;
				SWIFT_VERSION = 5.0;
				TARGETED_DEVICE_FAMILY = "1,2";
			};
			name = Release;
		};
/* End XCBuildConfiguration section */

/* Begin XCConfigurationList section */
		03CAB7562C0915A8004629EC /* Build configuration list for PBXProject "MyFoundation" */ = {
			isa = XCConfigurationList;
			buildConfigurations = (
				03CAB76E2C0915A8004629EC /* Debug */,
				03CAB76F2C0915A8004629EC /* Release */,
			);
			defaultConfigurationIsVisible = 0;
			defaultConfigurationName = Release;
		};
		03CAB7702C0915A8004629EC /* Build configuration list for PBXNativeTarget "MyFoundation" */ = {
			isa = XCConfigurationList;
			buildConfigurations = (
				03CAB7712C0915A8004629EC /* Debug */,
				03CAB7722C0915A8004629EC /* Release */,
			);
			defaultConfigurationIsVisible = 0;
			defaultConfigurationName = Release;
		};
		03CAB7732C0915A8004629EC /* Build configuration list for PBXNativeTarget "MyFoundationTests" */ = {
			isa = XCConfigurationList;
			buildConfigurations = (
				03CAB7742C0915A8004629EC /* Debug */,
				03CAB7752C0915A8004629EC /* Release */,
			);
			defaultConfigurationIsVisible = 0;
			defaultConfigurationName = Release;
		};
/* End XCConfigurationList section */
	};
	rootObject = 03CAB7532C0915A8004629EC /* Project object */;
}
